// !$*UTF8*$!
{
	archiveVersion = 1;
	classes = {
	};
	objectVersion = 77;
	objects = {

/* Begin PBXBuildFile section */
		BC3EACB02DEE559B0081ACFF /* Lottie in Frameworks */ = {isa = PBXBuildFile; productRef = BC3EACAF2DEE559B0081ACFF /* Lottie */; };
		BC3EACB22DEE559B0081ACFF /* Lottie-Dynamic in Frameworks */ = {isa = PBXBuildFile; productRef = BC3EACB12DEE559B0081ACFF /* Lottie-Dynamic */; };
/* End PBXBuildFile section */

/* Begin PBXContainerItemProxy section */
		BC3EAC3C2DEE44E90081ACFF /* PBXContainerItemProxy */ = {
			isa = PBXContainerItemProxy;
			containerPortal = BC3EAC262DEE44E70081ACFF /* Project object */;
			proxyType = 1;
			remoteGlobalIDString = BC3EAC2D2DEE44E70081ACFF;
			remoteInfo = Jeune;
		};
		BC3EAC462DEE44E90081ACFF /* PBXContainerItemProxy */ = {
			isa = PBXContainerItemProxy;
			containerPortal = BC3EAC262DEE44E70081ACFF /* Project object */;
			proxyType = 1;
			remoteGlobalIDString = BC3EAC2D2DEE44E70081ACFF;
			remoteInfo = Jeune;
		};
/* End PBXContainerItemProxy section */

/* Begin PBXFileReference section */
		BC3EAC2E2DEE44E70081ACFF /* Jeune.app */ = {isa = PBXFileReference; explicitFileType = wrapper.application; includeInIndex = 0; path = Jeune.app; sourceTree = BUILT_PRODUCTS_DIR; };
		BC3EAC3B2DEE44E90081ACFF /* JeuneTests.xctest */ = {isa = PBXFileReference; explicitFileType = wrapper.cfbundle; includeInIndex = 0; path = JeuneTests.xctest; sourceTree = BUILT_PRODUCTS_DIR; };
		BC3EAC452DEE44E90081ACFF /* JeuneUITests.xctest */ = {isa = PBXFileReference; explicitFileType = wrapper.cfbundle; includeInIndex = 0; path = JeuneUITests.xctest; sourceTree = BUILT_PRODUCTS_DIR; };
/* End PBXFileReference section */

/* Begin PBXFileSystemSynchronizedRootGroup section */
		BC3EAC302DEE44E70081ACFF /* Jeune */ = {
			isa = PBXFileSystemSynchronizedRootGroup;
			path = Jeune;
			sourceTree = "<group>";
		};
		BC3EAC3E2DEE44E90081ACFF /* JeuneTests */ = {
			isa = PBXFileSystemSynchronizedRootGroup;
			path = JeuneTests;
			sourceTree = "<group>";
		};
		BC3EAC482DEE44E90081ACFF /* JeuneUITests */ = {
			isa = PBXFileSystemSynchronizedRootGroup;
			path = JeuneUITests;
			sourceTree = "<group>";
		};
/* End PBXFileSystemSynchronizedRootGroup section */

/* Begin PBXFrameworksBuildPhase section */
		BC3EAC2B2DEE44E70081ACFF /* Frameworks */ = {
			isa = PBXFrameworksBuildPhase;
			buildActionMask = 2147483647;
			files = (
				BC3EACB02DEE559B0081ACFF /* Lottie in Frameworks */,
				BC3EACB22DEE559B0081ACFF /* Lottie-Dynamic in Frameworks */,
			);
			runOnlyForDeploymentPostprocessing = 0;
		};
		BC3EAC382DEE44E90081ACFF /* Frameworks */ = {
			isa = PBXFrameworksBuildPhase;
			buildActionMask = 2147483647;
			files = (
			);
			runOnlyForDeploymentPostprocessing = 0;
		};
		BC3EAC422DEE44E90081ACFF /* Frameworks */ = {
			isa = PBXFrameworksBuildPhase;
			buildActionMask = 2147483647;
			files = (
			);
			runOnlyForDeploymentPostprocessing = 0;
		};
/* End PBXFrameworksBuildPhase section */

/* Begin PBXGroup section */
		BC3EAC252DEE44E70081ACFF = {
			isa = PBXGroup;
			children = (
				BC3EAC302DEE44E70081ACFF /* Jeune */,
				BC3EAC3E2DEE44E90081ACFF /* JeuneTests */,
				BC3EAC482DEE44E90081ACFF /* JeuneUITests */,
				BC3EAC2F2DEE44E70081ACFF /* Products */,
			);
			sourceTree = "<group>";
		};
		BC3EAC2F2DEE44E70081ACFF /* Products */ = {
			isa = PBXGroup;
			children = (
				BC3EAC2E2DEE44E70081ACFF /* Jeune.app */,
				BC3EAC3B2DEE44E90081ACFF /* JeuneTests.xctest */,
				BC3EAC452DEE44E90081ACFF /* JeuneUITests.xctest */,
			);
			name = Products;
			sourceTree = "<group>";
		};
/* End PBXGroup section */

/* Begin PBXNativeTarget section */
		BC3EAC2D2DEE44E70081ACFF /* Jeune */ = {
			isa = PBXNativeTarget;
			buildConfigurationList = BC3EAC4F2DEE44E90081ACFF /* Build configuration list for PBXNativeTarget "Jeune" */;
			buildPhases = (
				BC3EAC2A2DEE44E70081ACFF /* Sources */,
				BC3EAC2B2DEE44E70081ACFF /* Frameworks */,
				BC3EAC2C2DEE44E70081ACFF /* Resources */,
			);
			buildRules = (
			);
			dependencies = (
			);
			fileSystemSynchronizedGroups = (
				BC3EAC302DEE44E70081ACFF /* Jeune */,
			);
			name = Jeune;
			packageProductDependencies = (
				BC3EACAF2DEE559B0081ACFF /* Lottie */,
				BC3EACB12DEE559B0081ACFF /* Lottie-Dynamic */,
			);
			productName = Jeune;
			productReference = BC3EAC2E2DEE44E70081ACFF /* Jeune.app */;
			productType = "com.apple.product-type.application";
		};
		BC3EAC3A2DEE44E90081ACFF /* JeuneTests */ = {
			isa = PBXNativeTarget;
			buildConfigurationList = BC3EAC522DEE44E90081ACFF /* Build configuration list for PBXNativeTarget "JeuneTests" */;
			buildPhases = (
				BC3EAC372DEE44E90081ACFF /* Sources */,
				BC3EAC382DEE44E90081ACFF /* Frameworks */,
				BC3EAC392DEE44E90081ACFF /* Resources */,
			);
			buildRules = (
			);
			dependencies = (
				BC3EAC3D2DEE44E90081ACFF /* PBXTargetDependency */,
			);
			fileSystemSynchronizedGroups = (
				BC3EAC3E2DEE44E90081ACFF /* JeuneTests */,
			);
			name = JeuneTests;
			packageProductDependencies = (
			);
			productName = JeuneTests;
			productReference = BC3EAC3B2DEE44E90081ACFF /* JeuneTests.xctest */;
			productType = "com.apple.product-type.bundle.unit-test";
		};
		BC3EAC442DEE44E90081ACFF /* JeuneUITests */ = {
			isa = PBXNativeTarget;
			buildConfigurationList = BC3EAC552DEE44E90081ACFF /* Build configuration list for PBXNativeTarget "JeuneUITests" */;
			buildPhases = (
				BC3EAC412DEE44E90081ACFF /* Sources */,
				BC3EAC422DEE44E90081ACFF /* Frameworks */,
				BC3EAC432DEE44E90081ACFF /* Resources */,
			);
			buildRules = (
			);
			dependencies = (
				BC3EAC472DEE44E90081ACFF /* PBXTargetDependency */,
			);
			fileSystemSynchronizedGroups = (
				BC3EAC482DEE44E90081ACFF /* JeuneUITests */,
			);
			name = JeuneUITests;
			packageProductDependencies = (
			);
			productName = JeuneUITests;
			productReference = BC3EAC452DEE44E90081ACFF /* JeuneUITests.xctest */;
			productType = "com.apple.product-type.bundle.ui-testing";
		};
/* End PBXNativeTarget section */

/* Begin PBXProject section */
		BC3EAC262DEE44E70081ACFF /* Project object */ = {
			isa = PBXProject;
			attributes = {
				BuildIndependentTargetsInParallel = 1;
				LastSwiftUpdateCheck = 1630;
				LastUpgradeCheck = 1630;
				TargetAttributes = {
					BC3EAC2D2DEE44E70081ACFF = {
						CreatedOnToolsVersion = 16.3;
					};
					BC3EAC3A2DEE44E90081ACFF = {
						CreatedOnToolsVersion = 16.3;
						TestTargetID = BC3EAC2D2DEE44E70081ACFF;
					};
					BC3EAC442DEE44E90081ACFF = {
						CreatedOnToolsVersion = 16.3;
						TestTargetID = BC3EAC2D2DEE44E70081ACFF;
					};
				};
			};
			buildConfigurationList = BC3EAC292DEE44E70081ACFF /* Build configuration list for PBXProject "Jeune" */;
			developmentRegion = en;
			hasScannedForEncodings = 0;
			knownRegions = (
				en,
				Base,
			);
			mainGroup = BC3EAC252DEE44E70081ACFF;
			minimizedProjectReferenceProxies = 1;
			packageReferences = (
				BC3EACAE2DEE559B0081ACFF /* XCRemoteSwiftPackageReference "lottie-ios" */,
			);
			preferredProjectObjectVersion = 77;
			productRefGroup = BC3EAC2F2DEE44E70081ACFF /* Products */;
			projectDirPath = "";
			projectRoot = "";
			targets = (
				BC3EAC2D2DEE44E70081ACFF /* Jeune */,
				BC3EAC3A2DEE44E90081ACFF /* JeuneTests */,
				BC3EAC442DEE44E90081ACFF /* JeuneUITests */,
			);
		};
/* End PBXProject section */

/* Begin PBXResourcesBuildPhase section */
		BC3EAC2C2DEE44E70081ACFF /* Resources */ = {
			isa = PBXResourcesBuildPhase;
			buildActionMask = 2147483647;
			files = (
			);
			runOnlyForDeploymentPostprocessing = 0;
		};
		BC3EAC392DEE44E90081ACFF /* Resources */ = {
			isa = PBXResourcesBuildPhase;
			buildActionMask = 2147483647;
			files = (
			);
			runOnlyForDeploymentPostprocessing = 0;
		};
		BC3EAC432DEE44E90081ACFF /* Resources */ = {
			isa = PBXResourcesBuildPhase;
			buildActionMask = 2147483647;
			files = (
			);
			runOnlyForDeploymentPostprocessing = 0;
		};
/* End PBXResourcesBuildPhase section */

/* Begin PBXSourcesBuildPhase section */
		BC3EAC2A2DEE44E70081ACFF /* Sources */ = {
			isa = PBXSourcesBuildPhase;
			buildActionMask = 2147483647;
			files = (
			);
			runOnlyForDeploymentPostprocessing = 0;
		};
		BC3EAC372DEE44E90081ACFF /* Sources */ = {
			isa = PBXSourcesBuildPhase;
			buildActionMask = 2147483647;
			files = (
			);
			runOnlyForDeploymentPostprocessing = 0;
		};
		BC3EAC412DEE44E90081ACFF /* Sources */ = {
			isa = PBXSourcesBuildPhase;
			buildActionMask = 2147483647;
			files = (
			);
			runOnlyForDeploymentPostprocessing = 0;
		};
/* End PBXSourcesBuildPhase section */

/* Begin PBXTargetDependency section */
		BC3EAC3D2DEE44E90081ACFF /* PBXTargetDependency */ = {
			isa = PBXTargetDependency;
			target = BC3EAC2D2DEE44E70081ACFF /* Jeune */;
			targetProxy = BC3EAC3C2DEE44E90081ACFF /* PBXContainerItemProxy */;
		};
		BC3EAC472DEE44E90081ACFF /* PBXTargetDependency */ = {
			isa = PBXTargetDependency;
			target = BC3EAC2D2DEE44E70081ACFF /* Jeune */;
			targetProxy = BC3EAC462DEE44E90081ACFF /* PBXContainerItemProxy */;
		};
/* End PBXTargetDependency section */

/* Begin XCBuildConfiguration section */
		BC3EAC4D2DEE44E90081ACFF /* Debug */ = {
			isa = XCBuildConfiguration;
			buildSettings = {
				ALWAYS_SEARCH_USER_PATHS = NO;
				ASSETCATALOG_COMPILER_GENERATE_SWIFT_ASSET_SYMBOL_EXTENSIONS = YES;
				CLANG_ANALYZER_NONNULL = YES;
				CLANG_ANALYZER_NUMBER_OBJECT_CONVERSION = YES_AGGRESSIVE;
				CLANG_CXX_LANGUAGE_STANDARD = "gnu++20";
				CLANG_ENABLE_MODULES = YES;
				CLANG_ENABLE_OBJC_ARC = YES;
				CLANG_ENABLE_OBJC_WEAK = YES;
				CLANG_WARN_BLOCK_CAPTURE_AUTORELEASING = YES;
				CLANG_WARN_BOOL_CONVERSION = YES;
				CLANG_WARN_COMMA = YES;
				CLANG_WARN_CONSTANT_CONVERSION = YES;
				CLANG_WARN_DEPRECATED_OBJC_IMPLEMENTATIONS = YES;
				CLANG_WARN_DIRECT_OBJC_ISA_USAGE = YES_ERROR;
				CLANG_WARN_DOCUMENTATION_COMMENTS = YES;
				CLANG_WARN_EMPTY_BODY = YES;
				CLANG_WARN_ENUM_CONVERSION = YES;
				CLANG_WARN_INFINITE_RECURSION = YES;
				CLANG_WARN_INT_CONVERSION = YES;
				CLANG_WARN_NON_LITERAL_NULL_CONVERSION = YES;
				CLANG_WARN_OBJC_IMPLICIT_RETAIN_SELF = YES;
				CLANG_WARN_OBJC_LITERAL_CONVERSION = YES;
				CLANG_WARN_OBJC_ROOT_CLASS = YES_ERROR;
				CLANG_WARN_QUOTED_INCLUDE_IN_FRAMEWORK_HEADER = YES;
				CLANG_WARN_RANGE_LOOP_ANALYSIS = YES;
				CLANG_WARN_STRICT_PROTOTYPES = YES;
				CLANG_WARN_SUSPICIOUS_MOVE = YES;
				CLANG_WARN_UNGUARDED_AVAILABILITY = YES_AGGRESSIVE;
				CLANG_WARN_UNREACHABLE_CODE = YES;
				CLANG_WARN__DUPLICATE_METHOD_MATCH = YES;
				COPY_PHASE_STRIP = NO;
				DEBUG_INFORMATION_FORMAT = dwarf;
				DEVELOPMENT_TEAM = TDV5DZPWM8;
				ENABLE_STRICT_OBJC_MSGSEND = YES;
				ENABLE_TESTABILITY = YES;
				ENABLE_USER_SCRIPT_SANDBOXING = YES;
				GCC_C_LANGUAGE_STANDARD = gnu17;
				GCC_DYNAMIC_NO_PIC = NO;
				GCC_NO_COMMON_BLOCKS = YES;
				GCC_OPTIMIZATION_LEVEL = 0;
				GCC_PREPROCESSOR_DEFINITIONS = (
					"DEBUG=1",
					"$(inherited)",
				);
				GCC_WARN_64_TO_32_BIT_CONVERSION = YES;
				GCC_WARN_ABOUT_RETURN_TYPE = YES_ERROR;
				GCC_WARN_UNDECLARED_SELECTOR = YES;
				GCC_WARN_UNINITIALIZED_AUTOS = YES_AGGRESSIVE;
				GCC_WARN_UNUSED_FUNCTION = YES;
				GCC_WARN_UNUSED_VARIABLE = YES;
				IPHONEOS_DEPLOYMENT_TARGET = 18.4;
				LOCALIZATION_PREFERS_STRING_CATALOGS = YES;
				MTL_ENABLE_DEBUG_INFO = INCLUDE_SOURCE;
				MTL_FAST_MATH = YES;
				ONLY_ACTIVE_ARCH = YES;
				SDKROOT = iphoneos;
				SWIFT_ACTIVE_COMPILATION_CONDITIONS = "DEBUG $(inherited)";
				SWIFT_OPTIMIZATION_LEVEL = "-Onone";
			};
			name = Debug;
		};
		BC3EAC4E2DEE44E90081ACFF /* Release */ = {
			isa = XCBuildConfiguration;
			buildSettings = {
				ALWAYS_SEARCH_USER_PATHS = NO;
				ASSETCATALOG_COMPILER_GENERATE_SWIFT_ASSET_SYMBOL_EXTENSIONS = YES;
				CLANG_ANALYZER_NONNULL = YES;
				CLANG_ANALYZER_NUMBER_OBJECT_CONVERSION = YES_AGGRESSIVE;
				CLANG_CXX_LANGUAGE_STANDARD = "gnu++20";
				CLANG_ENABLE_MODULES = YES;
				CLANG_ENABLE_OBJC_ARC = YES;
				CLANG_ENABLE_OBJC_WEAK = YES;
				CLANG_WARN_BLOCK_CAPTURE_AUTORELEASING = YES;
				CLANG_WARN_BOOL_CONVERSION = YES;
				CLANG_WARN_COMMA = YES;
				CLANG_WARN_CONSTANT_CONVERSION = YES;
				CLANG_WARN_DEPRECATED_OBJC_IMPLEMENTATIONS = YES;
				CLANG_WARN_DIRECT_OBJC_ISA_USAGE = YES_ERROR;
				CLANG_WARN_DOCUMENTATION_COMMENTS = YES;
				CLANG_WARN_EMPTY_BODY = YES;
				CLANG_WARN_ENUM_CONVERSION = YES;
				CLANG_WARN_INFINITE_RECURSION = YES;
				CLANG_WARN_INT_CONVERSION = YES;
				CLANG_WARN_NON_LITERAL_NULL_CONVERSION = YES;
				CLANG_WARN_OBJC_IMPLICIT_RETAIN_SELF = YES;
				CLANG_WARN_OBJC_LITERAL_CONVERSION = YES;
				CLANG_WARN_OBJC_ROOT_CLASS = YES_ERROR;
				CLANG_WARN_QUOTED_INCLUDE_IN_FRAMEWORK_HEADER = YES;
				CLANG_WARN_RANGE_LOOP_ANALYSIS = YES;
				CLANG_WARN_STRICT_PROTOTYPES = YES;
				CLANG_WARN_SUSPICIOUS_MOVE = YES;
				CLANG_WARN_UNGUARDED_AVAILABILITY = YES_AGGRESSIVE;
				CLANG_WARN_UNREACHABLE_CODE = YES;
				CLANG_WARN__DUPLICATE_METHOD_MATCH = YES;
				COPY_PHASE_STRIP = NO;
				DEBUG_INFORMATION_FORMAT = "dwarf-with-dsym";
				DEVELOPMENT_TEAM = TDV5DZPWM8;
				ENABLE_NS_ASSERTIONS = NO;
				ENABLE_STRICT_OBJC_MSGSEND = YES;
				ENABLE_USER_SCRIPT_SANDBOXING = YES;
				GCC_C_LANGUAGE_STANDARD = gnu17;
				GCC_NO_COMMON_BLOCKS = YES;
				GCC_WARN_64_TO_32_BIT_CONVERSION = YES;
				GCC_WARN_ABOUT_RETURN_TYPE = YES_ERROR;
				GCC_WARN_UNDECLARED_SELECTOR = YES;
				GCC_WARN_UNINITIALIZED_AUTOS = YES_AGGRESSIVE;
				GCC_WARN_UNUSED_FUNCTION = YES;
				GCC_WARN_UNUSED_VARIABLE = YES;
				IPHONEOS_DEPLOYMENT_TARGET = 18.4;
				LOCALIZATION_PREFERS_STRING_CATALOGS = YES;
				MTL_ENABLE_DEBUG_INFO = NO;
				MTL_FAST_MATH = YES;
				SDKROOT = iphoneos;
				SWIFT_COMPILATION_MODE = wholemodule;
				VALIDATE_PRODUCT = YES;
			};
			name = Release;
		};
		BC3EAC502DEE44E90081ACFF /* Debug */ = {
			isa = XCBuildConfiguration;
			buildSettings = {
				ASSETCATALOG_COMPILER_APPICON_NAME = AppIcon;
				ASSETCATALOG_COMPILER_GLOBAL_ACCENT_COLOR_NAME = AccentColor;
				CODE_SIGN_STYLE = Automatic;
				CURRENT_PROJECT_VERSION = 1;
				DEVELOPMENT_TEAM = TDV5DZPWM8;
				ENABLE_PREVIEWS = YES;
				GENERATE_INFOPLIST_FILE = YES;
				INFOPLIST_KEY_UIApplicationSceneManifest_Generation = YES;
				INFOPLIST_KEY_UIApplicationSupportsIndirectInputEvents = YES;
				INFOPLIST_KEY_UILaunchScreen_Generation = YES;
				INFOPLIST_KEY_UISupportedInterfaceOrientations_iPad = "UIInterfaceOrientationPortrait UIInterfaceOrientationPortraitUpsideDown UIInterfaceOrientationLandscapeLeft UIInterfaceOrientationLandscapeRight";
				INFOPLIST_KEY_UISupportedInterfaceOrientations_iPhone = "UIInterfaceOrientationPortrait UIInterfaceOrientationLandscapeLeft UIInterfaceOrientationLandscapeRight";
				LD_RUNPATH_SEARCH_PATHS = (
					"$(inherited)",
					"@executable_path/Frameworks",
				);
				MARKETING_VERSION = 1.0;
				PRODUCT_BUNDLE_IDENTIFIER = jerrynkongolo.Jeune;
				PRODUCT_NAME = "$(TARGET_NAME)";
				SWIFT_EMIT_LOC_STRINGS = YES;
				SWIFT_VERSION = 5.0;
				TARGETED_DEVICE_FAMILY = "1,2";
			};
			name = Debug;
		};
		BC3EAC512DEE44E90081ACFF /* Release */ = {
			isa = XCBuildConfiguration;
			buildSettings = {
				ASSETCATALOG_COMPILER_APPICON_NAME = AppIcon;
				ASSETCATALOG_COMPILER_GLOBAL_ACCENT_COLOR_NAME = AccentColor;
				CODE_SIGN_STYLE = Automatic;
				CURRENT_PROJECT_VERSION = 1;
				DEVELOPMENT_TEAM = TDV5DZPWM8;
				ENABLE_PREVIEWS = YES;
				GENERATE_INFOPLIST_FILE = YES;
				INFOPLIST_KEY_UIApplicationSceneManifest_Generation = YES;
				INFOPLIST_KEY_UIApplicationSupportsIndirectInputEvents = YES;
				INFOPLIST_KEY_UILaunchScreen_Generation = YES;
				INFOPLIST_KEY_UISupportedInterfaceOrientations_iPad = "UIInterfaceOrientationPortrait UIInterfaceOrientationPortraitUpsideDown UIInterfaceOrientationLandscapeLeft UIInterfaceOrientationLandscapeRight";
				INFOPLIST_KEY_UISupportedInterfaceOrientations_iPhone = "UIInterfaceOrientationPortrait UIInterfaceOrientationLandscapeLeft UIInterfaceOrientationLandscapeRight";
				LD_RUNPATH_SEARCH_PATHS = (
					"$(inherited)",
					"@executable_path/Frameworks",
				);
				MARKETING_VERSION = 1.0;
				PRODUCT_BUNDLE_IDENTIFIER = jerrynkongolo.Jeune;
				PRODUCT_NAME = "$(TARGET_NAME)";
				SWIFT_EMIT_LOC_STRINGS = YES;
				SWIFT_VERSION = 5.0;
				TARGETED_DEVICE_FAMILY = "1,2";
			};
			name = Release;
		};
		BC3EAC532DEE44E90081ACFF /* Debug */ = {
			isa = XCBuildConfiguration;
			buildSettings = {
				BUNDLE_LOADER = "$(TEST_HOST)";
				CODE_SIGN_STYLE = Automatic;
				CURRENT_PROJECT_VERSION = 1;
				DEVELOPMENT_TEAM = TDV5DZPWM8;
				GENERATE_INFOPLIST_FILE = YES;
				IPHONEOS_DEPLOYMENT_TARGET = 18.4;
				MARKETING_VERSION = 1.0;
				PRODUCT_BUNDLE_IDENTIFIER = jerrynkongolo.JeuneTests;
				PRODUCT_NAME = "$(TARGET_NAME)";
				SWIFT_EMIT_LOC_STRINGS = NO;
				SWIFT_VERSION = 5.0;
				TARGETED_DEVICE_FAMILY = "1,2";
				TEST_HOST = "$(BUILT_PRODUCTS_DIR)/Jeune.app/$(BUNDLE_EXECUTABLE_FOLDER_PATH)/Jeune";
			};
			name = Debug;
		};
		BC3EAC542DEE44E90081ACFF /* Release */ = {
			isa = XCBuildConfiguration;
			buildSettings = {
				BUNDLE_LOADER = "$(TEST_HOST)";
				CODE_SIGN_STYLE = Automatic;
				CURRENT_PROJECT_VERSION = 1;
				DEVELOPMENT_TEAM = TDV5DZPWM8;
				GENERATE_INFOPLIST_FILE = YES;
				IPHONEOS_DEPLOYMENT_TARGET = 18.4;
				MARKETING_VERSION = 1.0;
				PRODUCT_BUNDLE_IDENTIFIER = jerrynkongolo.JeuneTests;
				PRODUCT_NAME = "$(TARGET_NAME)";
				SWIFT_EMIT_LOC_STRINGS = NO;
				SWIFT_VERSION = 5.0;
				TARGETED_DEVICE_FAMILY = "1,2";
				TEST_HOST = "$(BUILT_PRODUCTS_DIR)/Jeune.app/$(BUNDLE_EXECUTABLE_FOLDER_PATH)/Jeune";
			};
			name = Release;
		};
		BC3EAC562DEE44E90081ACFF /* Debug */ = {
			isa = XCBuildConfiguration;
			buildSettings = {
				CODE_SIGN_STYLE = Automatic;
				CURRENT_PROJECT_VERSION = 1;
				DEVELOPMENT_TEAM = TDV5DZPWM8;
				GENERATE_INFOPLIST_FILE = YES;
				MARKETING_VERSION = 1.0;
				PRODUCT_BUNDLE_IDENTIFIER = jerrynkongolo.JeuneUITests;
				PRODUCT_NAME = "$(TARGET_NAME)";
				SWIFT_EMIT_LOC_STRINGS = NO;
				SWIFT_VERSION = 5.0;
				TARGETED_DEVICE_FAMILY = "1,2";
				TEST_TARGET_NAME = Jeune;
			};
			name = Debug;
		};
		BC3EAC572DEE44E90081ACFF /* Release */ = {
			isa = XCBuildConfiguration;
			buildSettings = {
				CODE_SIGN_STYLE = Automatic;
				CURRENT_PROJECT_VERSION = 1;
				DEVELOPMENT_TEAM = TDV5DZPWM8;
				GENERATE_INFOPLIST_FILE = YES;
				MARKETING_VERSION = 1.0;
				PRODUCT_BUNDLE_IDENTIFIER = jerrynkongolo.JeuneUITests;
				PRODUCT_NAME = "$(TARGET_NAME)";
				SWIFT_EMIT_LOC_STRINGS = NO;
				SWIFT_VERSION = 5.0;
				TARGETED_DEVICE_FAMILY = "1,2";
				TEST_TARGET_NAME = Jeune;
			};
			name = Release;
		};
/* End XCBuildConfiguration section */

/* Begin XCConfigurationList section */
		BC3EAC292DEE44E70081ACFF /* Build configuration list for PBXProject "Jeune" */ = {
			isa = XCConfigurationList;
			buildConfigurations = (
				BC3EAC4D2DEE44E90081ACFF /* Debug */,
				BC3EAC4E2DEE44E90081ACFF /* Release */,
			);
			defaultConfigurationIsVisible = 0;
			defaultConfigurationName = Release;
		};
		BC3EAC4F2DEE44E90081ACFF /* Build configuration list for PBXNativeTarget "Jeune" */ = {
			isa = XCConfigurationList;
			buildConfigurations = (
				BC3EAC502DEE44E90081ACFF /* Debug */,
				BC3EAC512DEE44E90081ACFF /* Release */,
			);
			defaultConfigurationIsVisible = 0;
			defaultConfigurationName = Release;
		};
		BC3EAC522DEE44E90081ACFF /* Build configuration list for PBXNativeTarget "JeuneTests" */ = {
			isa = XCConfigurationList;
			buildConfigurations = (
				BC3EAC532DEE44E90081ACFF /* Debug */,
				BC3EAC542DEE44E90081ACFF /* Release */,
			);
			defaultConfigurationIsVisible = 0;
			defaultConfigurationName = Release;
		};
		BC3EAC552DEE44E90081ACFF /* Build configuration list for PBXNativeTarget "JeuneUITests" */ = {
			isa = XCConfigurationList;
			buildConfigurations = (
				BC3EAC562DEE44E90081ACFF /* Debug */,
				BC3EAC572DEE44E90081ACFF /* Release */,
			);
			defaultConfigurationIsVisible = 0;
			defaultConfigurationName = Release;
		};
/* End XCConfigurationList section */

/* Begin XCRemoteSwiftPackageReference section */
		BC3EACAE2DEE559B0081ACFF /* XCRemoteSwiftPackageReference "lottie-ios" */ = {
			isa = XCRemoteSwiftPackageReference;
			repositoryURL = "https://github.com/airbnb/lottie-ios";
			requirement = {
				kind = upToNextMajorVersion;
				minimumVersion = 4.5.2;
			};
		};
/* End XCRemoteSwiftPackageReference section */

/* Begin XCSwiftPackageProductDependency section */
		BC3EACAF2DEE559B0081ACFF /* Lottie */ = {
			isa = XCSwiftPackageProductDependency;
			package = BC3EACAE2DEE559B0081ACFF /* XCRemoteSwiftPackageReference "lottie-ios" */;
			productName = Lottie;
		};
		BC3EACB12DEE559B0081ACFF /* Lottie-Dynamic */ = {
			isa = XCSwiftPackageProductDependency;
			package = BC3EACAE2DEE559B0081ACFF /* XCRemoteSwiftPackageReference "lottie-ios" */;
			productName = "Lottie-Dynamic";
		};
/* End XCSwiftPackageProductDependency section */
	};
	rootObject = BC3EAC262DEE44E70081ACFF /* Project object */;
}
